
Microsoft Visual Studio Solution File, Format Version 12.00
# Visual Studio Version 17
VisualStudioVersion = 17.7.34031.279
MinimumVisualStudioVersion = 10.0.40219.1
Project("{FAE04EC0-301F-11D3-BF4B-00C04F79EFBC}") = "CustomAttribute_Reflection", "CustomAttribute_Reflection\CustomAttribute_Reflection.csproj", "{B502DE16-E022-4216-BFE1-1088BA3A2DDD}"
EndProject
Project("{FAE04EC0-301F-11D3-BF4B-00C04F79EFBC}") = "MyAttribute", "MyAttribute\MyAttribute.csproj", "{13F1C001-7880-4CF2-B5B6-AEB89DF56FAE}"
EndProject
Project("{FAE04EC0-301F-11D3-BF4B-00C04F79EFBC}") = "MyLibrary", "MyLibrary\MyLibrary.csproj", "{2EE9E879-9E5E-4C8E-B76E-28EADB46220C}"
EndProject
Global
	GlobalSection(SolutionConfigurationPlatforms) = preSolution
		Debug|Any CPU = Debug|Any CPU
		Release|Any CPU = Release|Any CPU
	EndGlobalSection
	GlobalSection(ProjectConfigurationPlatforms) = postSolution
		{B502DE16-E022-4216-BFE1-1088BA3A2DDD}.Debug|Any CPU.ActiveCfg = Debug|Any CPU
		{B502DE16-E022-4216-BFE1-1088BA3A2DDD}.Debug|Any CPU.Build.0 = Debug|Any CPU
		{B502DE16-E022-4216-BFE1-1088BA3A2DDD}.Release|Any CPU.ActiveCfg = Release|Any CPU
		{B502DE16-E022-4216-BFE1-1088BA3A2DDD}.Release|Any CPU.Build.0 = Release|Any CPU
		{13F1C001-7880-4CF2-B5B6-AEB89DF56FAE}.Debug|Any CPU.ActiveCfg = Debug|Any CPU
		{13F1C001-7880-4CF2-B5B6-AEB89DF56FAE}.Debug|Any CPU.Build.0 = Debug|Any CPU
		{13F1C001-7880-4CF2-B5B6-AEB89DF56FAE}.Release|Any CPU.ActiveCfg = Release|Any CPU
		{13F1C001-7880-4CF2-B5B6-AEB89DF56FAE}.Release|Any CPU.Build.0 = Release|Any CPU
		{2EE9E879-9E5E-4C8E-B76E-28EADB46220C}.Debug|Any CPU.ActiveCfg = Debug|Any CPU
		{2EE9E879-9E5E-4C8E-B76E-28EADB46220C}.Debug|Any CPU.Build.0 = Debug|Any CPU
		{2EE9E879-9E5E-4C8E-B76E-28EADB46220C}.Release|Any CPU.ActiveCfg = Release|Any CPU
		{2EE9E879-9E5E-4C8E-B76E-28EADB46220C}.Release|Any CPU.Build.0 = Release|Any CPU
	EndGlobalSection
	GlobalSection(SolutionProperties) = preSolution
		HideSolutionNode = FALSE
	EndGlobalSection
	GlobalSection(ExtensibilityGlobals) = postSolution
		SolutionGuid = {709ACC7F-1EFA-456D-A7E2-9E57AAEFCA7B}
	EndGlobalSection
EndGlobal
